
Microsoft Visual Studio Solution File, Format Version 12.00
# Visual Studio 15
VisualStudioVersion = 15.0.28010.0
MinimumVisualStudioVersion = 10.0.40219.1
Project("{FAE04EC0-301F-11D3-BF4B-00C04F79EFBC}") = "GUI", "GUI\GUI.csproj", "{0D17C3C7-7548-48C4-A683-991DD93E00CD}"
EndProject
Project("{FAE04EC0-301F-11D3-BF4B-00C04F79EFBC}") = "BUS", "BUS\BUS.csproj", "{71BC881A-9B2B-43D4-B582-FA95E3D051AB}"
EndProject
Project("{FAE04EC0-301F-11D3-BF4B-00C04F79EFBC}") = "DAO", "DAO\DAO.csproj", "{92156477-9C66-4650-A874-436EAC6E49B3}"
EndProject
Global
	GlobalSection(SolutionConfigurationPlatforms) = preSolution
		Debug|Any CPU = Debug|Any CPU
		Release|Any CPU = Release|Any CPU
	EndGlobalSection
	GlobalSection(ProjectConfigurationPlatforms) = postSolution
		{0D17C3C7-7548-48C4-A683-991DD93E00CD}.Debug|Any CPU.ActiveCfg = Debug|Any CPU
		{0D17C3C7-7548-48C4-A683-991DD93E00CD}.Debug|Any CPU.Build.0 = Debug|Any CPU
		{0D17C3C7-7548-48C4-A683-991DD93E00CD}.Release|Any CPU.ActiveCfg = Release|Any CPU
		{0D17C3C7-7548-48C4-A683-991DD93E00CD}.Release|Any CPU.Build.0 = Release|Any CPU
		{71BC881A-9B2B-43D4-B582-FA95E3D051AB}.Debug|Any CPU.ActiveCfg = Debug|Any CPU
		{71BC881A-9B2B-43D4-B582-FA95E3D051AB}.Debug|Any CPU.Build.0 = Debug|Any CPU
		{71BC881A-9B2B-43D4-B582-FA95E3D051AB}.Release|Any CPU.ActiveCfg = Release|Any CPU
		{71BC881A-9B2B-43D4-B582-FA95E3D051AB}.Release|Any CPU.Build.0 = Release|Any CPU
		{92156477-9C66-4650-A874-436EAC6E49B3}.Debug|Any CPU.ActiveCfg = Debug|Any CPU
		{92156477-9C66-4650-A874-436EAC6E49B3}.Debug|Any CPU.Build.0 = Debug|Any CPU
		{92156477-9C66-4650-A874-436EAC6E49B3}.Release|Any CPU.ActiveCfg = Release|Any CPU
		{92156477-9C66-4650-A874-436EAC6E49B3}.Release|Any CPU.Build.0 = Release|Any CPU
	EndGlobalSection
	GlobalSection(SolutionProperties) = preSolution
		HideSolutionNode = FALSE
	EndGlobalSection
	GlobalSection(ExtensibilityGlobals) = postSolution
		SolutionGuid = {BA1C7399-8DE9-41C4-8CDF-C1ACD6DB64AA}
	EndGlobalSection
EndGlobal
